
Microsoft Visual Studio Solution File, Format Version 12.00
# Visual Studio Version 17
VisualStudioVersion = 17.13.35825.156
MinimumVisualStudioVersion = 10.0.40219.1
Project("{FAE04EC0-301F-11D3-BF4B-00C04F79EFBC}") = "Dhe_NetClientTests", "Dhe_NetClientTests.csproj", "{BA92CF5F-C784-4D2C-AC05-FE076B3E5618}"
EndProject
Project("{FAE04EC0-301F-11D3-BF4B-00C04F79EFBC}") = "Dhe_NetClient", "..\Dhe_NetClient\Dhe_NetClient.csproj", "{727DB8F3-F423-3CC7-BBBA-DE394C387B14}"
EndProject
Global
	GlobalSection(SolutionConfigurationPlatforms) = preSolution
		Debug|Any CPU = Debug|Any CPU
		Release|Any CPU = Release|Any CPU
	EndGlobalSection
	GlobalSection(ProjectConfigurationPlatforms) = postSolution
		{BA92CF5F-C784-4D2C-AC05-FE076B3E5618}.Debug|Any CPU.ActiveCfg = Debug|Any CPU
		{BA92CF5F-C784-4D2C-AC05-FE076B3E5618}.Debug|Any CPU.Build.0 = Debug|Any CPU
		{BA92CF5F-C784-4D2C-AC05-FE076B3E5618}.Release|Any CPU.ActiveCfg = Release|Any CPU
		{BA92CF5F-C784-4D2C-AC05-FE076B3E5618}.Release|Any CPU.Build.0 = Release|Any CPU
		{727DB8F3-F423-3CC7-BBBA-DE394C387B14}.Debug|Any CPU.ActiveCfg = Debug|Any CPU
		{727DB8F3-F423-3CC7-BBBA-DE394C387B14}.Debug|Any CPU.Build.0 = Debug|Any CPU
		{727DB8F3-F423-3CC7-BBBA-DE394C387B14}.Release|Any CPU.ActiveCfg = Release|Any CPU
		{727DB8F3-F423-3CC7-BBBA-DE394C387B14}.Release|Any CPU.Build.0 = Release|Any CPU
	EndGlobalSection
	GlobalSection(SolutionProperties) = preSolution
		HideSolutionNode = FALSE
	EndGlobalSection
	GlobalSection(ExtensibilityGlobals) = postSolution
		SolutionGuid = {B652077E-C88A-45DF-82BC-A8323E5AD978}
	EndGlobalSection
EndGlobal
